// !$*UTF8*$!
{
	archiveVersion = 1;
	classes = {
	};
	objectVersion = 50;
	objects = {

/* Begin PBXBuildFile section */
		172529BC249DBB74003DD44E /* AppDelegate.swift in Sources */ = {isa = PBXBuildFile; fileRef = 172529BB249DBB74003DD44E /* AppDelegate.swift */; };
		172529BE249DBB74003DD44E /* SceneDelegate.swift in Sources */ = {isa = PBXBuildFile; fileRef = 172529BD249DBB74003DD44E /* SceneDelegate.swift */; };
		172529C0249DBB74003DD44E /* ViewController.swift in Sources */ = {isa = PBXBuildFile; fileRef = 172529BF249DBB74003DD44E /* ViewController.swift */; };
		172529C3249DBB74003DD44E /* Main.storyboard in Resources */ = {isa = PBXBuildFile; fileRef = 172529C1249DBB74003DD44E /* Main.storyboard */; };
		172529C6249DBB74003DD44E /* APITest.xcdatamodeld in Sources */ = {isa = PBXBuildFile; fileRef = 172529C4249DBB74003DD44E /* APITest.xcdatamodeld */; };
		172529C8249DBB7B003DD44E /* Assets.xcassets in Resources */ = {isa = PBXBuildFile; fileRef = 172529C7249DBB7B003DD44E /* Assets.xcassets */; };
		172529CB249DBB7B003DD44E /* LaunchScreen.storyboard in Resources */ = {isa = PBXBuildFile; fileRef = 172529C9249DBB7B003DD44E /* LaunchScreen.storyboard */; };
/* End PBXBuildFile section */

/* Begin PBXFileReference section */
		172529B8249DBB74003DD44E /* APITest.app */ = {isa = PBXFileReference; explicitFileType = wrapper.application; includeInIndex = 0; path = APITest.app; sourceTree = BUILT_PRODUCTS_DIR; };
		172529BB249DBB74003DD44E /* AppDelegate.swift */ = {isa = PBXFileReference; lastKnownFileType = sourcecode.swift; path = AppDelegate.swift; sourceTree = "<group>"; };
		172529BD249DBB74003DD44E /* SceneDelegate.swift */ = {isa = PBXFileReference; lastKnownFileType = sourcecode.swift; path = SceneDelegate.swift; sourceTree = "<group>"; };
		172529BF249DBB74003DD44E /* ViewController.swift */ = {isa = PBXFileReference; lastKnownFileType = sourcecode.swift; path = ViewController.swift; sourceTree = "<group>"; };
		172529C2249DBB74003DD44E /* Base */ = {isa = PBXFileReference; lastKnownFileType = file.storyboard; name = Base; path = Base.lproj/Main.storyboard; sourceTree = "<group>"; };
		172529C5249DBB74003DD44E /* APITest.xcdatamodel */ = {isa = PBXFileReference; lastKnownFileType = wrapper.xcdatamodel; path = APITest.xcdatamodel; sourceTree = "<group>"; };
		172529C7249DBB7B003DD44E /* Assets.xcassets */ = {isa = PBXFileReference; lastKnownFileType = folder.assetcatalog; path = Assets.xcassets; sourceTree = "<group>"; };
		172529CA249DBB7B003DD44E /* Base */ = {isa = PBXFileReference; lastKnownFileType = file.storyboard; name = Base; path = Base.lproj/LaunchScreen.storyboard; sourceTree = "<group>"; };
		172529CC249DBB7B003DD44E /* Info.plist */ = {isa = PBXFileReference; lastKnownFileType = text.plist.xml; path = Info.plist; sourceTree = "<group>"; };
/* End PBXFileReference section */

/* Begin PBXFrameworksBuildPhase section */
		172529B5249DBB74003DD44E /* Frameworks */ = {
			isa = PBXFrameworksBuildPhase;
			buildActionMask = 2147483647;
			files = (
			);
			runOnlyForDeploymentPostprocessing = 0;
		};
/* End PBXFrameworksBuildPhase section */

/* Begin PBXGroup section */
		172529AF249DBB74003DD44E = {
			isa = PBXGroup;
			children = (
				172529BA249DBB74003DD44E /* APITest */,
				172529B9249DBB74003DD44E /* Products */,
			);
			sourceTree = "<group>";
		};
		172529B9249DBB74003DD44E /* Products */ = {
			isa = PBXGroup;
			children = (
				172529B8249DBB74003DD44E /* APITest.app */,
			);
			name = Products;
			sourceTree = "<group>";
		};
		172529BA249DBB74003DD44E /* APITest */ = {
			isa = PBXGroup;
			children = (
				172529BB249DBB74003DD44E /* AppDelegate.swift */,
				172529BD249DBB74003DD44E /* SceneDelegate.swift */,
				172529BF249DBB74003DD44E /* ViewController.swift */,
				172529C1249DBB74003DD44E /* Main.storyboard */,
				172529C7249DBB7B003DD44E /* Assets.xcassets */,
				172529C9249DBB7B003DD44E /* LaunchScreen.storyboard */,
				172529CC249DBB7B003DD44E /* Info.plist */,
				172529C4249DBB74003DD44E /* APITest.xcdatamodeld */,
			);
			path = APITest;
			sourceTree = "<group>";
		};
/* End PBXGroup section */

/* Begin PBXNativeTarget section */
		172529B7249DBB74003DD44E /* APITest */ = {
			isa = PBXNativeTarget;
			buildConfigurationList = 172529CF249DBB7B003DD44E /* Build configuration list for PBXNativeTarget "APITest" */;
			buildPhases = (
				172529B4249DBB74003DD44E /* Sources */,
				172529B5249DBB74003DD44E /* Frameworks */,
				172529B6249DBB74003DD44E /* Resources */,
			);
			buildRules = (
			);
			dependencies = (
			);
			name = APITest;
			productName = APITest;
			productReference = 172529B8249DBB74003DD44E /* APITest.app */;
			productType = "com.apple.product-type.application";
		};
/* End PBXNativeTarget section */

/* Begin PBXProject section */
		172529B0249DBB74003DD44E /* Project object */ = {
			isa = PBXProject;
			attributes = {
				LastSwiftUpdateCheck = 1130;
				LastUpgradeCheck = 1130;
				ORGANIZATIONNAME = "Angelo Petelo";
				TargetAttributes = {
					172529B7249DBB74003DD44E = {
						CreatedOnToolsVersion = 11.3.1;
					};
				};
			};
			buildConfigurationList = 172529B3249DBB74003DD44E /* Build configuration list for PBXProject "APITest" */;
			compatibilityVersion = "Xcode 9.3";
			developmentRegion = en;
			hasScannedForEncodings = 0;
			knownRegions = (
				en,
				Base,
			);
			mainGroup = 172529AF249DBB74003DD44E;
			productRefGroup = 172529B9249DBB74003DD44E /* Products */;
			projectDirPath = "";
			projectRoot = "";
			targets = (
				172529B7249DBB74003DD44E /* APITest */,
			);
		};
/* End PBXProject section */

/* Begin PBXResourcesBuildPhase section */
		172529B6249DBB74003DD44E /* Resources */ = {
			isa = PBXResourcesBuildPhase;
			buildActionMask = 2147483647;
			files = (
				172529CB249DBB7B003DD44E /* LaunchScreen.storyboard in Resources */,
				172529C8249DBB7B003DD44E /* Assets.xcassets in Resources */,
				172529C3249DBB74003DD44E /* Main.storyboard in Resources */,
			);
			runOnlyForDeploymentPostprocessing = 0;
		};
/* End PBXResourcesBuildPhase section */

/* Begin PBXSourcesBuildPhase section */
		172529B4249DBB74003DD44E /* Sources */ = {
			isa = PBXSourcesBuildPhase;
			buildActionMask = 2147483647;
			files = (
				172529C0249DBB74003DD44E /* ViewController.swift in Sources */,
				172529BC249DBB74003DD44E /* AppDelegate.swift in Sources */,
				172529C6249DBB74003DD44E /* APITest.xcdatamodeld in Sources */,
				172529BE249DBB74003DD44E /* SceneDelegate.swift in Sources */,
			);
			runOnlyForDeploymentPostprocessing = 0;
		};
/* End PBXSourcesBuildPhase section */

/* Begin PBXVariantGroup section */
		172529C1249DBB74003DD44E /* Main.storyboard */ = {
			isa = PBXVariantGroup;
			children = (
				172529C2249DBB74003DD44E /* Base */,
			);
			name = Main.storyboard;
			sourceTree = "<group>";
		};
		172529C9249DBB7B003DD44E /* LaunchScreen.storyboard */ = {
			isa = PBXVariantGroup;
			children = (
				172529CA249DBB7B003DD44E /* Base */,
			);
			name = LaunchScreen.storyboard;
			sourceTree = "<group>";
		};
/* End PBXVariantGroup section */

/* Begin XCBuildConfiguration section */
		172529CD249DBB7B003DD44E /* Debug */ = {
			isa = XCBuildConfiguration;
			buildSettings = {
				ALWAYS_SEARCH_USER_PATHS = NO;
				CLANG_ANALYZER_NONNULL = YES;
				CLANG_ANALYZER_NUMBER_OBJECT_CONVERSION = YES_AGGRESSIVE;
				CLANG_CXX_LANGUAGE_STANDARD = "gnu++14";
				CLANG_CXX_LIBRARY = "libc++";
				CLANG_ENABLE_MODULES = YES;
				CLANG_ENABLE_OBJC_ARC = YES;
				CLANG_ENABLE_OBJC_WEAK = YES;
				CLANG_WARN_BLOCK_CAPTURE_AUTORELEASING = YES;
				CLANG_WARN_BOOL_CONVERSION = YES;
				CLANG_WARN_COMMA = YES;
				CLANG_WARN_CONSTANT_CONVERSION = YES;
				CLANG_WARN_DEPRECATED_OBJC_IMPLEMENTATIONS = YES;
				CLANG_WARN_DIRECT_OBJC_ISA_USAGE = YES_ERROR;
				CLANG_WARN_DOCUMENTATION_COMMENTS = YES;
				CLANG_WARN_EMPTY_BODY = YES;
				CLANG_WARN_ENUM_CONVERSION = YES;
				CLANG_WARN_INFINITE_RECURSION = YES;
				CLANG_WARN_INT_CONVERSION = YES;
				CLANG_WARN_NON_LITERAL_NULL_CONVERSION = YES;
				CLANG_WARN_OBJC_IMPLICIT_RETAIN_SELF = YES;
				CLANG_WARN_OBJC_LITERAL_CONVERSION = YES;
				CLANG_WARN_OBJC_ROOT_CLASS = YES_ERROR;
				CLANG_WARN_RANGE_LOOP_ANALYSIS = YES;
				CLANG_WARN_STRICT_PROTOTYPES = YES;
				CLANG_WARN_SUSPICIOUS_MOVE = YES;
				CLANG_WARN_UNGUARDED_AVAILABILITY = YES_AGGRESSIVE;
				CLANG_WARN_UNREACHABLE_CODE = YES;
				CLANG_WARN__DUPLICATE_METHOD_MATCH = YES;
				COPY_PHASE_STRIP = NO;
				DEBUG_INFORMATION_FORMAT = dwarf;
				ENABLE_STRICT_OBJC_MSGSEND = YES;
				ENABLE_TESTABILITY = YES;
				GCC_C_LANGUAGE_STANDARD = gnu11;
				GCC_DYNAMIC_NO_PIC = NO;
				GCC_NO_COMMON_BLOCKS = YES;
				GCC_OPTIMIZATION_LEVEL = 0;
				GCC_PREPROCESSOR_DEFINITIONS = (
					"DEBUG=1",
					"$(inherited)",
				);
				GCC_WARN_64_TO_32_BIT_CONVERSION = YES;
				GCC_WARN_ABOUT_RETURN_TYPE = YES_ERROR;
				GCC_WARN_UNDECLARED_SELECTOR = YES;
				GCC_WARN_UNINITIALIZED_AUTOS = YES_AGGRESSIVE;
				GCC_WARN_UNUSED_FUNCTION = YES;
				GCC_WARN_UNUSED_VARIABLE = YES;
				IPHONEOS_DEPLOYMENT_TARGET = 13.2;
				MTL_ENABLE_DEBUG_INFO = INCLUDE_SOURCE;
				MTL_FAST_MATH = YES;
				ONLY_ACTIVE_ARCH = YES;
				SDKROOT = iphoneos;
				SWIFT_ACTIVE_COMPILATION_CONDITIONS = DEBUG;
				SWIFT_OPTIMIZATION_LEVEL = "-Onone";
			};
			name = Debug;
		};
		172529CE249DBB7B003DD44E /* Release */ = {
			isa = XCBuildConfiguration;
			buildSettings = {
				ALWAYS_SEARCH_USER_PATHS = NO;
				CLANG_ANALYZER_NONNULL = YES;
				CLANG_ANALYZER_NUMBER_OBJECT_CONVERSION = YES_AGGRESSIVE;
				CLANG_CXX_LANGUAGE_STANDARD = "gnu++14";
				CLANG_CXX_LIBRARY = "libc++";
				CLANG_ENABLE_MODULES = YES;
				CLANG_ENABLE_OBJC_ARC = YES;
				CLANG_ENABLE_OBJC_WEAK = YES;
				CLANG_WARN_BLOCK_CAPTURE_AUTORELEASING = YES;
				CLANG_WARN_BOOL_CONVERSION = YES;
				CLANG_WARN_COMMA = YES;
				CLANG_WARN_CONSTANT_CONVERSION = YES;
				CLANG_WARN_DEPRECATED_OBJC_IMPLEMENTATIONS = YES;
				CLANG_WARN_DIRECT_OBJC_ISA_USAGE = YES_ERROR;
				CLANG_WARN_DOCUMENTATION_COMMENTS = YES;
				CLANG_WARN_EMPTY_BODY = YES;
				CLANG_WARN_ENUM_CONVERSION = YES;
				CLANG_WARN_INFINITE_RECURSION = YES;
				CLANG_WARN_INT_CONVERSION = YES;
				CLANG_WARN_NON_LITERAL_NULL_CONVERSION = YES;
				CLANG_WARN_OBJC_IMPLICIT_RETAIN_SELF = YES;
				CLANG_WARN_OBJC_LITERAL_CONVERSION = YES;
				CLANG_WARN_OBJC_ROOT_CLASS = YES_ERROR;
				CLANG_WARN_RANGE_LOOP_ANALYSIS = YES;
				CLANG_WARN_STRICT_PROTOTYPES = YES;
				CLANG_WARN_SUSPICIOUS_MOVE = YES;
				CLANG_WARN_UNGUARDED_AVAILABILITY = YES_AGGRESSIVE;
				CLANG_WARN_UNREACHABLE_CODE = YES;
				CLANG_WARN__DUPLICATE_METHOD_MATCH = YES;
				COPY_PHASE_STRIP = NO;
				DEBUG_INFORMATION_FORMAT = "dwarf-with-dsym";
				ENABLE_NS_ASSERTIONS = NO;
				ENABLE_STRICT_OBJC_MSGSEND = YES;
				GCC_C_LANGUAGE_STANDARD = gnu11;
				GCC_NO_COMMON_BLOCKS = YES;
				GCC_WARN_64_TO_32_BIT_CONVERSION = YES;
				GCC_WARN_ABOUT_RETURN_TYPE = YES_ERROR;
				GCC_WARN_UNDECLARED_SELECTOR = YES;
				GCC_WARN_UNINITIALIZED_AUTOS = YES_AGGRESSIVE;
				GCC_WARN_UNUSED_FUNCTION = YES;
				GCC_WARN_UNUSED_VARIABLE = YES;
				IPHONEOS_DEPLOYMENT_TARGET = 13.2;
				MTL_ENABLE_DEBUG_INFO = NO;
				MTL_FAST_MATH = YES;
				SDKROOT = iphoneos;
				SWIFT_COMPILATION_MODE = wholemodule;
				SWIFT_OPTIMIZATION_LEVEL = "-O";
				VALIDATE_PRODUCT = YES;
			};
			name = Release;
		};
		172529D0249DBB7B003DD44E /* Debug */ = {
			isa = XCBuildConfiguration;
			buildSettings = {
				ASSETCATALOG_COMPILER_APPICON_NAME = AppIcon;
				CODE_SIGN_STYLE = Automatic;
				DEVELOPMENT_TEAM = 8SB76NZCQJ;
				INFOPLIST_FILE = APITest/Info.plist;
				LD_RUNPATH_SEARCH_PATHS = (
					"$(inherited)",
					"@executable_path/Frameworks",
				);
				PRODUCT_BUNDLE_IDENTIFIER = com.AngeloPetelo.APITest;
				PRODUCT_NAME = "$(TARGET_NAME)";
				SWIFT_VERSION = 5.0;
				TARGETED_DEVICE_FAMILY = "1,2";
			};
			name = Debug;
		};
		172529D1249DBB7B003DD44E /* Release */ = {
			isa = XCBuildConfiguration;
			buildSettings = {
				ASSETCATALOG_COMPILER_APPICON_NAME = AppIcon;
				CODE_SIGN_STYLE = Automatic;
				DEVELOPMENT_TEAM = 8SB76NZCQJ;
				INFOPLIST_FILE = APITest/Info.plist;
				LD_RUNPATH_SEARCH_PATHS = (
					"$(inherited)",
					"@executable_path/Frameworks",
				);
				PRODUCT_BUNDLE_IDENTIFIER = com.AngeloPetelo.APITest;
				PRODUCT_NAME = "$(TARGET_NAME)";
				SWIFT_VERSION = 5.0;
				TARGETED_DEVICE_FAMILY = "1,2";
			};
			name = Release;
		};
/* End XCBuildConfiguration section */

/* Begin XCConfigurationList section */
		172529B3249DBB74003DD44E /* Build configuration list for PBXProject "APITest" */ = {
			isa = XCConfigurationList;
			buildConfigurations = (
				172529CD249DBB7B003DD44E /* Debug */,
				172529CE249DBB7B003DD44E /* Release */,
			);
			defaultConfigurationIsVisible = 0;
			defaultConfigurationName = Release;
		};
		172529CF249DBB7B003DD44E /* Build configuration list for PBXNativeTarget "APITest" */ = {
			isa = XCConfigurationList;
			buildConfigurations = (
				172529D0249DBB7B003DD44E /* Debug */,
				172529D1249DBB7B003DD44E /* Release */,
			);
			defaultConfigurationIsVisible = 0;
			defaultConfigurationName = Release;
		};
/* End XCConfigurationList section */

/* Begin XCVersionGroup section */
		172529C4249DBB74003DD44E /* APITest.xcdatamodeld */ = {
			isa = XCVersionGroup;
			children = (
				172529C5249DBB74003DD44E /* APITest.xcdatamodel */,
			);
			currentVersion = 172529C5249DBB74003DD44E /* APITest.xcdatamodel */;
			path = APITest.xcdatamodeld;
			sourceTree = "<group>";
			versionGroupType = wrapper.xcdatamodel;
		};
/* End XCVersionGroup section */
	};
	rootObject = 172529B0249DBB74003DD44E /* Project object */;
}
